// !$*UTF8*$!
{
	archiveVersion = 1;
	classes = {
	};
	objectVersion = 46;
	objects = {

/* Begin PBXBuildFile section */
		013DE9781B31D746006E4CF2 /* AppDelegate.swift in Sources */ = {isa = PBXBuildFile; fileRef = 013DE9771B31D746006E4CF2 /* AppDelegate.swift */; };
		013DE97A1B31D746006E4CF2 /* RoundsViewController.swift in Sources */ = {isa = PBXBuildFile; fileRef = 013DE9791B31D746006E4CF2 /* RoundsViewController.swift */; };
		013DE97C1B31D746006E4CF2 /* TimerViewController.swift in Sources */ = {isa = PBXBuildFile; fileRef = 013DE97B1B31D746006E4CF2 /* TimerViewController.swift */; };
		013DE97F1B31D746006E4CF2 /* Main.storyboard in Resources */ = {isa = PBXBuildFile; fileRef = 013DE97D1B31D746006E4CF2 /* Main.storyboard */; };
		013DE9811B31D746006E4CF2 /* Images.xcassets in Resources */ = {isa = PBXBuildFile; fileRef = 013DE9801B31D746006E4CF2 /* Images.xcassets */; };
		013DE9841B31D746006E4CF2 /* LaunchScreen.xib in Resources */ = {isa = PBXBuildFile; fileRef = 013DE9821B31D746006E4CF2 /* LaunchScreen.xib */; };
		013DE9901B31D747006E4CF2 /* SwiftDoroTests.swift in Sources */ = {isa = PBXBuildFile; fileRef = 013DE98F1B31D747006E4CF2 /* SwiftDoroTests.swift */; };
		013DE99A1B31D84D006E4CF2 /* Timer.swift in Sources */ = {isa = PBXBuildFile; fileRef = 013DE9991B31D84D006E4CF2 /* Timer.swift */; };
		013DE99C1B31F052006E4CF2 /* RoundsController.swift in Sources */ = {isa = PBXBuildFile; fileRef = 013DE99B1B31F052006E4CF2 /* RoundsController.swift */; };
/* End PBXBuildFile section */

/* Begin PBXContainerItemProxy section */
		013DE98A1B31D747006E4CF2 /* PBXContainerItemProxy */ = {
			isa = PBXContainerItemProxy;
			containerPortal = 013DE96A1B31D746006E4CF2 /* Project object */;
			proxyType = 1;
			remoteGlobalIDString = 013DE9711B31D746006E4CF2;
			remoteInfo = SwiftDoro;
		};
/* End PBXContainerItemProxy section */

/* Begin PBXFileReference section */
		013DE9721B31D746006E4CF2 /* SwiftDoro.app */ = {isa = PBXFileReference; explicitFileType = wrapper.application; includeInIndex = 0; path = SwiftDoro.app; sourceTree = BUILT_PRODUCTS_DIR; };
		013DE9761B31D746006E4CF2 /* Info.plist */ = {isa = PBXFileReference; lastKnownFileType = text.plist.xml; path = Info.plist; sourceTree = "<group>"; };
		013DE9771B31D746006E4CF2 /* AppDelegate.swift */ = {isa = PBXFileReference; lastKnownFileType = sourcecode.swift; path = AppDelegate.swift; sourceTree = "<group>"; };
		013DE9791B31D746006E4CF2 /* RoundsViewController.swift */ = {isa = PBXFileReference; lastKnownFileType = sourcecode.swift; path = RoundsViewController.swift; sourceTree = "<group>"; };
		013DE97B1B31D746006E4CF2 /* TimerViewController.swift */ = {isa = PBXFileReference; lastKnownFileType = sourcecode.swift; path = TimerViewController.swift; sourceTree = "<group>"; };
		013DE97E1B31D746006E4CF2 /* Base */ = {isa = PBXFileReference; lastKnownFileType = file.storyboard; name = Base; path = Base.lproj/Main.storyboard; sourceTree = "<group>"; };
		013DE9801B31D746006E4CF2 /* Images.xcassets */ = {isa = PBXFileReference; lastKnownFileType = folder.assetcatalog; path = Images.xcassets; sourceTree = "<group>"; };
		013DE9831B31D746006E4CF2 /* Base */ = {isa = PBXFileReference; lastKnownFileType = file.xib; name = Base; path = Base.lproj/LaunchScreen.xib; sourceTree = "<group>"; };
		013DE9891B31D747006E4CF2 /* SwiftDoroTests.xctest */ = {isa = PBXFileReference; explicitFileType = wrapper.cfbundle; includeInIndex = 0; path = SwiftDoroTests.xctest; sourceTree = BUILT_PRODUCTS_DIR; };
		013DE98E1B31D747006E4CF2 /* Info.plist */ = {isa = PBXFileReference; lastKnownFileType = text.plist.xml; path = Info.plist; sourceTree = "<group>"; };
		013DE98F1B31D747006E4CF2 /* SwiftDoroTests.swift */ = {isa = PBXFileReference; lastKnownFileType = sourcecode.swift; path = SwiftDoroTests.swift; sourceTree = "<group>"; };
		013DE9991B31D84D006E4CF2 /* Timer.swift */ = {isa = PBXFileReference; fileEncoding = 4; lastKnownFileType = sourcecode.swift; path = Timer.swift; sourceTree = "<group>"; };
		013DE99B1B31F052006E4CF2 /* RoundsController.swift */ = {isa = PBXFileReference; fileEncoding = 4; lastKnownFileType = sourcecode.swift; path = RoundsController.swift; sourceTree = "<group>"; };
/* End PBXFileReference section */

/* Begin PBXFrameworksBuildPhase section */
		013DE96F1B31D746006E4CF2 /* Frameworks */ = {
			isa = PBXFrameworksBuildPhase;
			buildActionMask = 2147483647;
			files = (
			);
			runOnlyForDeploymentPostprocessing = 0;
		};
		013DE9861B31D747006E4CF2 /* Frameworks */ = {
			isa = PBXFrameworksBuildPhase;
			buildActionMask = 2147483647;
			files = (
			);
			runOnlyForDeploymentPostprocessing = 0;
		};
/* End PBXFrameworksBuildPhase section */

/* Begin PBXGroup section */
		013DE9691B31D746006E4CF2 = {
			isa = PBXGroup;
			children = (
				013DE9741B31D746006E4CF2 /* SwiftDoro */,
				013DE98C1B31D747006E4CF2 /* SwiftDoroTests */,
				013DE9731B31D746006E4CF2 /* Products */,
			);
			sourceTree = "<group>";
		};
		013DE9731B31D746006E4CF2 /* Products */ = {
			isa = PBXGroup;
			children = (
				013DE9721B31D746006E4CF2 /* SwiftDoro.app */,
				013DE9891B31D747006E4CF2 /* SwiftDoroTests.xctest */,
			);
			name = Products;
			sourceTree = "<group>";
		};
		013DE9741B31D746006E4CF2 /* SwiftDoro */ = {
			isa = PBXGroup;
			children = (
				013DE9771B31D746006E4CF2 /* AppDelegate.swift */,
				013DE9791B31D746006E4CF2 /* RoundsViewController.swift */,
				013DE97B1B31D746006E4CF2 /* TimerViewController.swift */,
				013DE97D1B31D746006E4CF2 /* Main.storyboard */,
				013DE99B1B31F052006E4CF2 /* RoundsController.swift */,
				013DE9991B31D84D006E4CF2 /* Timer.swift */,
				013DE9801B31D746006E4CF2 /* Images.xcassets */,
				013DE9821B31D746006E4CF2 /* LaunchScreen.xib */,
				013DE9751B31D746006E4CF2 /* Supporting Files */,
			);
			path = SwiftDoro;
			sourceTree = "<group>";
		};
		013DE9751B31D746006E4CF2 /* Supporting Files */ = {
			isa = PBXGroup;
			children = (
				013DE9761B31D746006E4CF2 /* Info.plist */,
			);
			name = "Supporting Files";
			sourceTree = "<group>";
		};
		013DE98C1B31D747006E4CF2 /* SwiftDoroTests */ = {
			isa = PBXGroup;
			children = (
				013DE98F1B31D747006E4CF2 /* SwiftDoroTests.swift */,
				013DE98D1B31D747006E4CF2 /* Supporting Files */,
			);
			path = SwiftDoroTests;
			sourceTree = "<group>";
		};
		013DE98D1B31D747006E4CF2 /* Supporting Files */ = {
			isa = PBXGroup;
			children = (
				013DE98E1B31D747006E4CF2 /* Info.plist */,
			);
			name = "Supporting Files";
			sourceTree = "<group>";
		};
/* End PBXGroup section */

/* Begin PBXNativeTarget section */
		013DE9711B31D746006E4CF2 /* SwiftDoro */ = {
			isa = PBXNativeTarget;
			buildConfigurationList = 013DE9931B31D747006E4CF2 /* Build configuration list for PBXNativeTarget "SwiftDoro" */;
			buildPhases = (
				013DE96E1B31D746006E4CF2 /* Sources */,
				013DE96F1B31D746006E4CF2 /* Frameworks */,
				013DE9701B31D746006E4CF2 /* Resources */,
			);
			buildRules = (
			);
			dependencies = (
			);
			name = SwiftDoro;
			productName = SwiftDoro;
			productReference = 013DE9721B31D746006E4CF2 /* SwiftDoro.app */;
			productType = "com.apple.product-type.application";
		};
		013DE9881B31D747006E4CF2 /* SwiftDoroTests */ = {
			isa = PBXNativeTarget;
			buildConfigurationList = 013DE9961B31D747006E4CF2 /* Build configuration list for PBXNativeTarget "SwiftDoroTests" */;
			buildPhases = (
				013DE9851B31D747006E4CF2 /* Sources */,
				013DE9861B31D747006E4CF2 /* Frameworks */,
				013DE9871B31D747006E4CF2 /* Resources */,
			);
			buildRules = (
			);
			dependencies = (
				013DE98B1B31D747006E4CF2 /* PBXTargetDependency */,
			);
			name = SwiftDoroTests;
			productName = SwiftDoroTests;
			productReference = 013DE9891B31D747006E4CF2 /* SwiftDoroTests.xctest */;
			productType = "com.apple.product-type.bundle.unit-test";
		};
/* End PBXNativeTarget section */

/* Begin PBXProject section */
		013DE96A1B31D746006E4CF2 /* Project object */ = {
			isa = PBXProject;
			attributes = {
				LastUpgradeCheck = 0630;
				ORGANIZATIONNAME = MottApplications;
				TargetAttributes = {
					013DE9711B31D746006E4CF2 = {
						CreatedOnToolsVersion = 6.3;
					};
					013DE9881B31D747006E4CF2 = {
						CreatedOnToolsVersion = 6.3;
						TestTargetID = 013DE9711B31D746006E4CF2;
					};
				};
			};
			buildConfigurationList = 013DE96D1B31D746006E4CF2 /* Build configuration list for PBXProject "SwiftDoro" */;
			compatibilityVersion = "Xcode 3.2";
			developmentRegion = English;
			hasScannedForEncodings = 0;
			knownRegions = (
				en,
				Base,
			);
			mainGroup = 013DE9691B31D746006E4CF2;
			productRefGroup = 013DE9731B31D746006E4CF2 /* Products */;
			projectDirPath = "";
			projectRoot = "";
			targets = (
				013DE9711B31D746006E4CF2 /* SwiftDoro */,
				013DE9881B31D747006E4CF2 /* SwiftDoroTests */,
			);
		};
/* End PBXProject section */

/* Begin PBXResourcesBuildPhase section */
		013DE9701B31D746006E4CF2 /* Resources */ = {
			isa = PBXResourcesBuildPhase;
			buildActionMask = 2147483647;
			files = (
				013DE97F1B31D746006E4CF2 /* Main.storyboard in Resources */,
				013DE9841B31D746006E4CF2 /* LaunchScreen.xib in Resources */,
				013DE9811B31D746006E4CF2 /* Images.xcassets in Resources */,
			);
			runOnlyForDeploymentPostprocessing = 0;
		};
		013DE9871B31D747006E4CF2 /* Resources */ = {
			isa = PBXResourcesBuildPhase;
			buildActionMask = 2147483647;
			files = (
			);
			runOnlyForDeploymentPostprocessing = 0;
		};
/* End PBXResourcesBuildPhase section */

/* Begin PBXSourcesBuildPhase section */
		013DE96E1B31D746006E4CF2 /* Sources */ = {
			isa = PBXSourcesBuildPhase;
			buildActionMask = 2147483647;
			files = (
				013DE97C1B31D746006E4CF2 /* TimerViewController.swift in Sources */,
				013DE9781B31D746006E4CF2 /* AppDelegate.swift in Sources */,
				013DE97A1B31D746006E4CF2 /* RoundsViewController.swift in Sources */,
				013DE99A1B31D84D006E4CF2 /* Timer.swift in Sources */,
				013DE99C1B31F052006E4CF2 /* RoundsController.swift in Sources */,
			);
			runOnlyForDeploymentPostprocessing = 0;
		};
		013DE9851B31D747006E4CF2 /* Sources */ = {
			isa = PBXSourcesBuildPhase;
			buildActionMask = 2147483647;
			files = (
				013DE9901B31D747006E4CF2 /* SwiftDoroTests.swift in Sources */,
			);
			runOnlyForDeploymentPostprocessing = 0;
		};
/* End PBXSourcesBuildPhase section */

/* Begin PBXTargetDependency section */
		013DE98B1B31D747006E4CF2 /* PBXTargetDependency */ = {
			isa = PBXTargetDependency;
			target = 013DE9711B31D746006E4CF2 /* SwiftDoro */;
			targetProxy = 013DE98A1B31D747006E4CF2 /* PBXContainerItemProxy */;
		};
/* End PBXTargetDependency section */

/* Begin PBXVariantGroup section */
		013DE97D1B31D746006E4CF2 /* Main.storyboard */ = {
			isa = PBXVariantGroup;
			children = (
				013DE97E1B31D746006E4CF2 /* Base */,
			);
			name = Main.storyboard;
			sourceTree = "<group>";
		};
		013DE9821B31D746006E4CF2 /* LaunchScreen.xib */ = {
			isa = PBXVariantGroup;
			children = (
				013DE9831B31D746006E4CF2 /* Base */,
			);
			name = LaunchScreen.xib;
			sourceTree = "<group>";
		};
/* End PBXVariantGroup section */

/* Begin XCBuildConfiguration section */
		013DE9911B31D747006E4CF2 /* Debug */ = {
			isa = XCBuildConfiguration;
			buildSettings = {
				ALWAYS_SEARCH_USER_PATHS = NO;
				CLANG_CXX_LANGUAGE_STANDARD = "gnu++0x";
				CLANG_CXX_LIBRARY = "libc++";
				CLANG_ENABLE_MODULES = YES;
				CLANG_ENABLE_OBJC_ARC = YES;
				CLANG_WARN_BOOL_CONVERSION = YES;
				CLANG_WARN_CONSTANT_CONVERSION = YES;
				CLANG_WARN_DIRECT_OBJC_ISA_USAGE = YES_ERROR;
				CLANG_WARN_EMPTY_BODY = YES;
				CLANG_WARN_ENUM_CONVERSION = YES;
				CLANG_WARN_INT_CONVERSION = YES;
				CLANG_WARN_OBJC_ROOT_CLASS = YES_ERROR;
				CLANG_WARN_UNREACHABLE_CODE = YES;
				CLANG_WARN__DUPLICATE_METHOD_MATCH = YES;
				"CODE_SIGN_IDENTITY[sdk=iphoneos*]" = "iPhone Developer";
				COPY_PHASE_STRIP = NO;
				DEBUG_INFORMATION_FORMAT = "dwarf-with-dsym";
				ENABLE_STRICT_OBJC_MSGSEND = YES;
				GCC_C_LANGUAGE_STANDARD = gnu99;
				GCC_DYNAMIC_NO_PIC = NO;
				GCC_NO_COMMON_BLOCKS = YES;
				GCC_OPTIMIZATION_LEVEL = 0;
				GCC_PREPROCESSOR_DEFINITIONS = (
					"DEBUG=1",
					"$(inherited)",
				);
				GCC_SYMBOLS_PRIVATE_EXTERN = NO;
				GCC_WARN_64_TO_32_BIT_CONVERSION = YES;
				GCC_WARN_ABOUT_RETURN_TYPE = YES_ERROR;
				GCC_WARN_UNDECLARED_SELECTOR = YES;
				GCC_WARN_UNINITIALIZED_AUTOS = YES_AGGRESSIVE;
				GCC_WARN_UNUSED_FUNCTION = YES;
				GCC_WARN_UNUSED_VARIABLE = YES;
				IPHONEOS_DEPLOYMENT_TARGET = 8.3;
				MTL_ENABLE_DEBUG_INFO = YES;
				ONLY_ACTIVE_ARCH = YES;
				SDKROOT = iphoneos;
				SWIFT_OPTIMIZATION_LEVEL = "-Onone";
				TARGETED_DEVICE_FAMILY = "1,2";
			};
			name = Debug;
		};
		013DE9921B31D747006E4CF2 /* Release */ = {
			isa = XCBuildConfiguration;
			buildSettings = {
				ALWAYS_SEARCH_USER_PATHS = NO;
				CLANG_CXX_LANGUAGE_STANDARD = "gnu++0x";
				CLANG_CXX_LIBRARY = "libc++";
				CLANG_ENABLE_MODULES = YES;
				CLANG_ENABLE_OBJC_ARC = YES;
				CLANG_WARN_BOOL_CONVERSION = YES;
				CLANG_WARN_CONSTANT_CONVERSION = YES;
				CLANG_WARN_DIRECT_OBJC_ISA_USAGE = YES_ERROR;
				CLANG_WARN_EMPTY_BODY = YES;
				CLANG_WARN_ENUM_CONVERSION = YES;
				CLANG_WARN_INT_CONVERSION = YES;
				CLANG_WARN_OBJC_ROOT_CLASS = YES_ERROR;
				CLANG_WARN_UNREACHABLE_CODE = YES;
				CLANG_WARN__DUPLICATE_METHOD_MATCH = YES;
				"CODE_SIGN_IDENTITY[sdk=iphoneos*]" = "iPhone Developer";
				COPY_PHASE_STRIP = NO;
				DEBUG_INFORMATION_FORMAT = "dwarf-with-dsym";
				ENABLE_NS_ASSERTIONS = NO;
				ENABLE_STRICT_OBJC_MSGSEND = YES;
				GCC_C_LANGUAGE_STANDARD = gnu99;
				GCC_NO_COMMON_BLOCKS = YES;
				GCC_WARN_64_TO_32_BIT_CONVERSION = YES;
				GCC_WARN_ABOUT_RETURN_TYPE = YES_ERROR;
				GCC_WARN_UNDECLARED_SELECTOR = YES;
				GCC_WARN_UNINITIALIZED_AUTOS = YES_AGGRESSIVE;
				GCC_WARN_UNUSED_FUNCTION = YES;
				GCC_WARN_UNUSED_VARIABLE = YES;
				IPHONEOS_DEPLOYMENT_TARGET = 8.3;
				MTL_ENABLE_DEBUG_INFO = NO;
				SDKROOT = iphoneos;
				TARGETED_DEVICE_FAMILY = "1,2";
				VALIDATE_PRODUCT = YES;
			};
			name = Release;
		};
		013DE9941B31D747006E4CF2 /* Debug */ = {
			isa = XCBuildConfiguration;
			buildSettings = {
				ASSETCATALOG_COMPILER_APPICON_NAME = AppIcon;
				INFOPLIST_FILE = SwiftDoro/Info.plist;
				LD_RUNPATH_SEARCH_PATHS = "$(inherited) @executable_path/Frameworks";
				PRODUCT_NAME = "$(TARGET_NAME)";
			};
			name = Debug;
		};
		013DE9951B31D747006E4CF2 /* Release */ = {
			isa = XCBuildConfiguration;
			buildSettings = {
				ASSETCATALOG_COMPILER_APPICON_NAME = AppIcon;
				INFOPLIST_FILE = SwiftDoro/Info.plist;
				LD_RUNPATH_SEARCH_PATHS = "$(inherited) @executable_path/Frameworks";
				PRODUCT_NAME = "$(TARGET_NAME)";
			};
			name = Release;
		};
		013DE9971B31D747006E4CF2 /* Debug */ = {
			isa = XCBuildConfiguration;
			buildSettings = {
				BUNDLE_LOADER = "$(TEST_HOST)";
				FRAMEWORK_SEARCH_PATHS = (
					"$(SDKROOT)/Developer/Library/Frameworks",
					"$(inherited)",
				);
				GCC_PREPROCESSOR_DEFINITIONS = (
					"DEBUG=1",
					"$(inherited)",
				);
				INFOPLIST_FILE = SwiftDoroTests/Info.plist;
				LD_RUNPATH_SEARCH_PATHS = "$(inherited) @executable_path/Frameworks @loader_path/Frameworks";
				PRODUCT_NAME = "$(TARGET_NAME)";
				TEST_HOST = "$(BUILT_PRODUCTS_DIR)/SwiftDoro.app/SwiftDoro";
			};
			name = Debug;
		};
		013DE9981B31D747006E4CF2 /* Release */ = {
			isa = XCBuildConfiguration;
			buildSettings = {
				BUNDLE_LOADER = "$(TEST_HOST)";
				FRAMEWORK_SEARCH_PATHS = (
					"$(SDKROOT)/Developer/Library/Frameworks",
					"$(inherited)",
				);
				INFOPLIST_FILE = SwiftDoroTests/Info.plist;
				LD_RUNPATH_SEARCH_PATHS = "$(inherited) @executable_path/Frameworks @loader_path/Frameworks";
				PRODUCT_NAME = "$(TARGET_NAME)";
				TEST_HOST = "$(BUILT_PRODUCTS_DIR)/SwiftDoro.app/SwiftDoro";
			};
			name = Release;
		};
/* End XCBuildConfiguration section */

/* Begin XCConfigurationList section */
		013DE96D1B31D746006E4CF2 /* Build configuration list for PBXProject "SwiftDoro" */ = {
			isa = XCConfigurationList;
			buildConfigurations = (
				013DE9911B31D747006E4CF2 /* Debug */,
				013DE9921B31D747006E4CF2 /* Release */,
			);
			defaultConfigurationIsVisible = 0;
			defaultConfigurationName = Release;
		};
		013DE9931B31D747006E4CF2 /* Build configuration list for PBXNativeTarget "SwiftDoro" */ = {
			isa = XCConfigurationList;
			buildConfigurations = (
				013DE9941B31D747006E4CF2 /* Debug */,
				013DE9951B31D747006E4CF2 /* Release */,
			);
			defaultConfigurationIsVisible = 0;
		};
		013DE9961B31D747006E4CF2 /* Build configuration list for PBXNativeTarget "SwiftDoroTests" */ = {
			isa = XCConfigurationList;
			buildConfigurations = (
				013DE9971B31D747006E4CF2 /* Debug */,
				013DE9981B31D747006E4CF2 /* Release */,
			);
			defaultConfigurationIsVisible = 0;
		};
/* End XCConfigurationList section */
	};
	rootObject = 013DE96A1B31D746006E4CF2 /* Project object */;
}
